<?xml version="1.0" encoding="utf-8"?>
<Project ToolsVersion="4.0" xmlns="http://schemas.microsoft.com/developer/msbuild/2003">
  <ItemGroup>
    <Filter Include="Pliki źródłowe">
      <UniqueIdentifier>{4FC737F1-C7A5-4376-A066-2A32D752A2FF}</UniqueIdentifier>
      <Extensions>cpp;c;cc;cxx;def;odl;idl;hpj;bat;asm;asmx</Extensions>
    </Filter>
    <Filter Include="Pliki nagłówkowe">
      <UniqueIdentifier>{93995380-89BD-4b04-88EB-625FBE52EBFB}</UniqueIdentifier>
      <Extensions>h;hh;hpp;hxx;hm;inl;inc;ipp;xsd</Extensions>
    </Filter>
    <Filter Include="Pliki zasobów">
      <UniqueIdentifier>{67DA6AB6-F800-4c08-8B7A-83BB121AAD01}</UniqueIdentifier>
      <Extensions>rc;ico;cur;bmp;dlg;rc2;rct;bin;rgs;gif;jpg;jpeg;jpe;resx;tiff;tif;png;wav;mfcribbon-ms</Extensions>
    </Filter>
  </ItemGroup>
  <ItemGroup>
    <ClCompile Include="main.cpp">
      <Filter>Pliki źródłowe</Filter>
    </ClCompile>
    <ClCompile Include="Account.cpp">
      <Filter>Pliki źródłowe</Filter>
    </ClCompile>
    <ClCompile Include="Screen.cpp">
      <Filter>Pliki źródłowe</Filter>
    </ClCompile>
    <ClCompile Include="BankDatabase.cpp">
      <Filter>Pliki źródłowe</Filter>
    </ClCompile>
    <ClCompile Include="Transaction.cpp">
      <Filter>Pliki źródłowe</Filter>
    </ClCompile>
    <ClCompile Include="BalanceInquiry.cpp">
      <Filter>Pliki źródłowe</Filter>
    </ClCompile>
    <ClCompile Include="Keypad.cpp">
      <Filter>Pliki źródłowe</Filter>
    </ClCompile>
    <ClCompile Include="DepositSlot.cpp">
      <Filter>Pliki źródłowe</Filter>
    </ClCompile>
    <ClCompile Include="Withdrawal.cpp">
      <Filter>Pliki źródłowe</Filter>
    </ClCompile>
    <ClCompile Include="ATM.cpp">
      <Filter>Pliki źródłowe</Filter>
    </ClCompile>
    <ClCompile Include="Deposit.cpp">
      <Filter>Pliki źródłowe</Filter>
    </ClCompile>
    <ClCompile Include="CardReader.cpp">
      <Filter>Pliki źródłowe</Filter>
    </ClCompile>
    <ClCompile Include="Safe.cpp">
      <Filter>Pliki źródłowe</Filter>
    </ClCompile>
  </ItemGroup>
  <ItemGroup>
    <ClInclude Include="Account.h">
      <Filter>Pliki źródłowe</Filter>
    </ClInclude>
    <ClInclude Include="Screen.h">
      <Filter>Pliki źródłowe</Filter>
    </ClInclude>
    <ClInclude Include="BankDatabase.h">
      <Filter>Pliki źródłowe</Filter>
    </ClInclude>
    <ClInclude Include="Transaction.h">
      <Filter>Pliki źródłowe</Filter>
    </ClInclude>
    <ClInclude Include="BalanceInquiry.h">
      <Filter>Pliki źródłowe</Filter>
    </ClInclude>
    <ClInclude Include="Keypad.h">
      <Filter>Pliki źródłowe</Filter>
    </ClInclude>
    <ClInclude Include="DepositSlot.h">
      <Filter>Pliki źródłowe</Filter>
    </ClInclude>
    <ClInclude Include="Withdrawal.h">
      <Filter>Pliki źródłowe</Filter>
    </ClInclude>
    <ClInclude Include="ATM.h">
      <Filter>Pliki źródłowe</Filter>
    </ClInclude>
    <ClInclude Include="Deposit.h">
      <Filter>Pliki źródłowe</Filter>
    </ClInclude>
    <ClInclude Include="CardReader.h">
      <Filter>Pliki źródłowe</Filter>
    </ClInclude>
    <ClInclude Include="Safe.h">
      <Filter>Pliki źródłowe</Filter>
    </ClInclude>
  </ItemGroup>
</Project>