
Microsoft Visual Studio Solution File, Format Version 12.00
# Visual Studio 15
VisualStudioVersion = 15.0.28307.852
MinimumVisualStudioVersion = 10.0.40219.1
Project("{8BC9CEB8-8B4A-11D0-8D11-00A0C91BC942}") = "LottoApp", "LottoApp\LottoApp.vcxproj", "{AF626FC6-E94F-4F02-B2CC-A73F11C93816}"
	ProjectSection(ProjectDependencies) = postProject
		{89BE5D38-7112-45D7-A6D6-C23870F21E66} = {89BE5D38-7112-45D7-A6D6-C23870F21E66}
		{80E89768-C58A-4D96-A02A-142EF2AC9F4F} = {80E89768-C58A-4D96-A02A-142EF2AC9F4F}
	EndProjectSection
EndProject
Project("{8BC9CEB8-8B4A-11D0-8D11-00A0C91BC942}") = "ASM_DLL", "ASM_DLL\ASM_dll.vcxproj", "{80E89768-C58A-4D96-A02A-142EF2AC9F4F}"
EndProject
Project("{8BC9CEB8-8B4A-11D0-8D11-00A0C91BC942}") = "CPP_DLL", "CPP_DLL\CPP_DLL.vcxproj", "{89BE5D38-7112-45D7-A6D6-C23870F21E66}"
EndProject
Global
	GlobalSection(SolutionConfigurationPlatforms) = preSolution
		Debug|x64 = Debug|x64
		Debug|x86 = Debug|x86
		Release|x64 = Release|x64
		Release|x86 = Release|x86
	EndGlobalSection
	GlobalSection(ProjectConfigurationPlatforms) = postSolution
		{AF626FC6-E94F-4F02-B2CC-A73F11C93816}.Debug|x64.ActiveCfg = Debug|x64
		{AF626FC6-E94F-4F02-B2CC-A73F11C93816}.Debug|x64.Build.0 = Debug|x64
		{AF626FC6-E94F-4F02-B2CC-A73F11C93816}.Debug|x86.ActiveCfg = Debug|Win32
		{AF626FC6-E94F-4F02-B2CC-A73F11C93816}.Debug|x86.Build.0 = Debug|Win32
		{AF626FC6-E94F-4F02-B2CC-A73F11C93816}.Release|x64.ActiveCfg = Release|x64
		{AF626FC6-E94F-4F02-B2CC-A73F11C93816}.Release|x64.Build.0 = Release|x64
		{AF626FC6-E94F-4F02-B2CC-A73F11C93816}.Release|x86.ActiveCfg = Release|Win32
		{AF626FC6-E94F-4F02-B2CC-A73F11C93816}.Release|x86.Build.0 = Release|Win32
		{80E89768-C58A-4D96-A02A-142EF2AC9F4F}.Debug|x64.ActiveCfg = Debug|x64
		{80E89768-C58A-4D96-A02A-142EF2AC9F4F}.Debug|x64.Build.0 = Debug|x64
		{80E89768-C58A-4D96-A02A-142EF2AC9F4F}.Debug|x86.ActiveCfg = Debug|Win32
		{80E89768-C58A-4D96-A02A-142EF2AC9F4F}.Debug|x86.Build.0 = Debug|Win32
		{80E89768-C58A-4D96-A02A-142EF2AC9F4F}.Release|x64.ActiveCfg = Release|x64
		{80E89768-C58A-4D96-A02A-142EF2AC9F4F}.Release|x64.Build.0 = Release|x64
		{80E89768-C58A-4D96-A02A-142EF2AC9F4F}.Release|x86.ActiveCfg = Release|Win32
		{80E89768-C58A-4D96-A02A-142EF2AC9F4F}.Release|x86.Build.0 = Release|Win32
		{89BE5D38-7112-45D7-A6D6-C23870F21E66}.Debug|x64.ActiveCfg = Debug|x64
		{89BE5D38-7112-45D7-A6D6-C23870F21E66}.Debug|x64.Build.0 = Debug|x64
		{89BE5D38-7112-45D7-A6D6-C23870F21E66}.Debug|x86.ActiveCfg = Debug|Win32
		{89BE5D38-7112-45D7-A6D6-C23870F21E66}.Debug|x86.Build.0 = Debug|Win32
		{89BE5D38-7112-45D7-A6D6-C23870F21E66}.Release|x64.ActiveCfg = Release|x64
		{89BE5D38-7112-45D7-A6D6-C23870F21E66}.Release|x64.Build.0 = Release|x64
		{89BE5D38-7112-45D7-A6D6-C23870F21E66}.Release|x86.ActiveCfg = Release|Win32
		{89BE5D38-7112-45D7-A6D6-C23870F21E66}.Release|x86.Build.0 = Release|Win32
	EndGlobalSection
	GlobalSection(SolutionProperties) = preSolution
		HideSolutionNode = FALSE
	EndGlobalSection
	GlobalSection(ExtensibilityGlobals) = postSolution
		SolutionGuid = {3518FA2C-1A83-403B-8284-C98DCE638B51}
	EndGlobalSection
EndGlobal
